// !$*UTF8*$!
{
	archiveVersion = 1;
	classes = {
	};
	objectVersion = 46;
	objects = {

/* Begin PBXBuildFile section */
		5C94E3BC1BB39B7100873613 /* AppDelegate.swift in Sources */ = {isa = PBXBuildFile; fileRef = 5C94E3BB1BB39B7100873613 /* AppDelegate.swift */; };
		5C94E3C11BB39B7100873613 /* Main.storyboard in Resources */ = {isa = PBXBuildFile; fileRef = 5C94E3BF1BB39B7100873613 /* Main.storyboard */; };
		5C94E3C31BB39B7100873613 /* Assets.xcassets in Resources */ = {isa = PBXBuildFile; fileRef = 5C94E3C21BB39B7100873613 /* Assets.xcassets */; };
		5C94E3C61BB39B7100873613 /* LaunchScreen.storyboard in Resources */ = {isa = PBXBuildFile; fileRef = 5C94E3C41BB39B7100873613 /* LaunchScreen.storyboard */; };
		5C94E3D11BB39B7200873613 /* LocationTestTests.swift in Sources */ = {isa = PBXBuildFile; fileRef = 5C94E3D01BB39B7200873613 /* LocationTestTests.swift */; };
		5C94E3DC1BB39B7200873613 /* LocationTestUITests.swift in Sources */ = {isa = PBXBuildFile; fileRef = 5C94E3DB1BB39B7200873613 /* LocationTestUITests.swift */; };
		5C94E3EA1BB3A4BC00873613 /* TableViewController.swift in Sources */ = {isa = PBXBuildFile; fileRef = 5C94E3E91BB3A4BC00873613 /* TableViewController.swift */; settings = {ASSET_TAGS = (); }; };
		5CD973AF1BB3D572007B3475 /* CoffeeShopList.swift in Sources */ = {isa = PBXBuildFile; fileRef = 5CD973AE1BB3D572007B3475 /* CoffeeShopList.swift */; settings = {ASSET_TAGS = (); }; };
		5CD973B11BB3D79E007B3475 /* CoffeeShopModel.swift in Sources */ = {isa = PBXBuildFile; fileRef = 5CD973B01BB3D79E007B3475 /* CoffeeShopModel.swift */; settings = {ASSET_TAGS = (); }; };
		5CD973B31BB3EDE6007B3475 /* CoreLocation.framework in Frameworks */ = {isa = PBXBuildFile; fileRef = 5CD973B21BB3EDE6007B3475 /* CoreLocation.framework */; };
		5CD973B51BB3F47A007B3475 /* MapKit.framework in Frameworks */ = {isa = PBXBuildFile; fileRef = 5CD973B41BB3F47A007B3475 /* MapKit.framework */; };
		5CD973BA1BB40684007B3475 /* TableViewCell.swift in Sources */ = {isa = PBXBuildFile; fileRef = 5CD973B81BB40684007B3475 /* TableViewCell.swift */; settings = {ASSET_TAGS = (); }; };
		5CD973BB1BB40684007B3475 /* TableViewCell.xib in Resources */ = {isa = PBXBuildFile; fileRef = 5CD973B91BB40684007B3475 /* TableViewCell.xib */; settings = {ASSET_TAGS = (); }; };
		5CF78BB71BB434A500AB40D3 /* MapViewController.swift in Sources */ = {isa = PBXBuildFile; fileRef = 5CF78BB61BB434A500AB40D3 /* MapViewController.swift */; settings = {ASSET_TAGS = (); }; };
		5CFD4EB91BB4DFA30027FF33 /* Readme in Resources */ = {isa = PBXBuildFile; fileRef = 5CFD4EB81BB4DFA30027FF33 /* Readme */; settings = {ASSET_TAGS = (); }; };
/* End PBXBuildFile section */

/* Begin PBXContainerItemProxy section */
		5C94E3CD1BB39B7200873613 /* PBXContainerItemProxy */ = {
			isa = PBXContainerItemProxy;
			containerPortal = 5C94E3B01BB39B7100873613 /* Project object */;
			proxyType = 1;
			remoteGlobalIDString = 5C94E3B71BB39B7100873613;
			remoteInfo = LocationTest;
		};
		5C94E3D81BB39B7200873613 /* PBXContainerItemProxy */ = {
			isa = PBXContainerItemProxy;
			containerPortal = 5C94E3B01BB39B7100873613 /* Project object */;
			proxyType = 1;
			remoteGlobalIDString = 5C94E3B71BB39B7100873613;
			remoteInfo = LocationTest;
		};
/* End PBXContainerItemProxy section */

/* Begin PBXFileReference section */
		5C94E3B81BB39B7100873613 /* LocationTest.app */ = {isa = PBXFileReference; explicitFileType = wrapper.application; includeInIndex = 0; path = LocationTest.app; sourceTree = BUILT_PRODUCTS_DIR; };
		5C94E3BB1BB39B7100873613 /* AppDelegate.swift */ = {isa = PBXFileReference; lastKnownFileType = sourcecode.swift; path = AppDelegate.swift; sourceTree = "<group>"; };
		5C94E3C01BB39B7100873613 /* Base */ = {isa = PBXFileReference; lastKnownFileType = file.storyboard; name = Base; path = Base.lproj/Main.storyboard; sourceTree = "<group>"; };
		5C94E3C21BB39B7100873613 /* Assets.xcassets */ = {isa = PBXFileReference; lastKnownFileType = folder.assetcatalog; path = Assets.xcassets; sourceTree = "<group>"; };
		5C94E3C51BB39B7100873613 /* Base */ = {isa = PBXFileReference; lastKnownFileType = file.storyboard; name = Base; path = Base.lproj/LaunchScreen.storyboard; sourceTree = "<group>"; };
		5C94E3C71BB39B7100873613 /* Info.plist */ = {isa = PBXFileReference; lastKnownFileType = text.plist.xml; path = Info.plist; sourceTree = "<group>"; };
		5C94E3CC1BB39B7200873613 /* LocationTestTests.xctest */ = {isa = PBXFileReference; explicitFileType = wrapper.cfbundle; includeInIndex = 0; path = LocationTestTests.xctest; sourceTree = BUILT_PRODUCTS_DIR; };
		5C94E3D01BB39B7200873613 /* LocationTestTests.swift */ = {isa = PBXFileReference; lastKnownFileType = sourcecode.swift; path = LocationTestTests.swift; sourceTree = "<group>"; };
		5C94E3D21BB39B7200873613 /* Info.plist */ = {isa = PBXFileReference; lastKnownFileType = text.plist.xml; path = Info.plist; sourceTree = "<group>"; };
		5C94E3D71BB39B7200873613 /* LocationTestUITests.xctest */ = {isa = PBXFileReference; explicitFileType = wrapper.cfbundle; includeInIndex = 0; path = LocationTestUITests.xctest; sourceTree = BUILT_PRODUCTS_DIR; };
		5C94E3DB1BB39B7200873613 /* LocationTestUITests.swift */ = {isa = PBXFileReference; lastKnownFileType = sourcecode.swift; path = LocationTestUITests.swift; sourceTree = "<group>"; };
		5C94E3DD1BB39B7200873613 /* Info.plist */ = {isa = PBXFileReference; lastKnownFileType = text.plist.xml; path = Info.plist; sourceTree = "<group>"; };
		5C94E3E91BB3A4BC00873613 /* TableViewController.swift */ = {isa = PBXFileReference; fileEncoding = 4; lastKnownFileType = sourcecode.swift; path = TableViewController.swift; sourceTree = "<group>"; };
		5CD973AE1BB3D572007B3475 /* CoffeeShopList.swift */ = {isa = PBXFileReference; fileEncoding = 4; lastKnownFileType = sourcecode.swift; path = CoffeeShopList.swift; sourceTree = "<group>"; };
		5CD973B01BB3D79E007B3475 /* CoffeeShopModel.swift */ = {isa = PBXFileReference; fileEncoding = 4; lastKnownFileType = sourcecode.swift; path = CoffeeShopModel.swift; sourceTree = "<group>"; };
		5CD973B21BB3EDE6007B3475 /* CoreLocation.framework */ = {isa = PBXFileReference; lastKnownFileType = wrapper.framework; name = CoreLocation.framework; path = System/Library/Frameworks/CoreLocation.framework; sourceTree = SDKROOT; };
		5CD973B41BB3F47A007B3475 /* MapKit.framework */ = {isa = PBXFileReference; lastKnownFileType = wrapper.framework; name = MapKit.framework; path = System/Library/Frameworks/MapKit.framework; sourceTree = SDKROOT; };
		5CD973B71BB3F688007B3475 /* Location.gpx */ = {isa = PBXFileReference; lastKnownFileType = text.xml; path = Location.gpx; sourceTree = "<group>"; };
		5CD973B81BB40684007B3475 /* TableViewCell.swift */ = {isa = PBXFileReference; fileEncoding = 4; lastKnownFileType = sourcecode.swift; path = TableViewCell.swift; sourceTree = "<group>"; };
		5CD973B91BB40684007B3475 /* TableViewCell.xib */ = {isa = PBXFileReference; fileEncoding = 4; lastKnownFileType = file.xib; path = TableViewCell.xib; sourceTree = "<group>"; };
		5CF78BB61BB434A500AB40D3 /* MapViewController.swift */ = {isa = PBXFileReference; fileEncoding = 4; lastKnownFileType = sourcecode.swift; path = MapViewController.swift; sourceTree = "<group>"; };
		5CFD4EB81BB4DFA30027FF33 /* Readme */ = {isa = PBXFileReference; fileEncoding = 4; lastKnownFileType = text; path = Readme; sourceTree = "<group>"; };
/* End PBXFileReference section */

/* Begin PBXFrameworksBuildPhase section */
		5C94E3B51BB39B7100873613 /* Frameworks */ = {
			isa = PBXFrameworksBuildPhase;
			buildActionMask = 2147483647;
			files = (
				5CD973B51BB3F47A007B3475 /* MapKit.framework in Frameworks */,
				5CD973B31BB3EDE6007B3475 /* CoreLocation.framework in Frameworks */,
			);
			runOnlyForDeploymentPostprocessing = 0;
		};
		5C94E3C91BB39B7200873613 /* Frameworks */ = {
			isa = PBXFrameworksBuildPhase;
			buildActionMask = 2147483647;
			files = (
			);
			runOnlyForDeploymentPostprocessing = 0;
		};
		5C94E3D41BB39B7200873613 /* Frameworks */ = {
			isa = PBXFrameworksBuildPhase;
			buildActionMask = 2147483647;
			files = (
			);
			runOnlyForDeploymentPostprocessing = 0;
		};
/* End PBXFrameworksBuildPhase section */

/* Begin PBXGroup section */
		5C94E3AF1BB39B7100873613 = {
			isa = PBXGroup;
			children = (
				5CFD4EB81BB4DFA30027FF33 /* Readme */,
				5CD973B71BB3F688007B3475 /* Location.gpx */,
				5CD973B41BB3F47A007B3475 /* MapKit.framework */,
				5CD973B21BB3EDE6007B3475 /* CoreLocation.framework */,
				5C94E3BA1BB39B7100873613 /* LocationTest */,
				5C94E3CF1BB39B7200873613 /* LocationTestTests */,
				5C94E3DA1BB39B7200873613 /* LocationTestUITests */,
				5C94E3B91BB39B7100873613 /* Products */,
			);
			sourceTree = "<group>";
		};
		5C94E3B91BB39B7100873613 /* Products */ = {
			isa = PBXGroup;
			children = (
				5C94E3B81BB39B7100873613 /* LocationTest.app */,
				5C94E3CC1BB39B7200873613 /* LocationTestTests.xctest */,
				5C94E3D71BB39B7200873613 /* LocationTestUITests.xctest */,
			);
			name = Products;
			sourceTree = "<group>";
		};
		5C94E3BA1BB39B7100873613 /* LocationTest */ = {
			isa = PBXGroup;
			children = (
				5C94E3BB1BB39B7100873613 /* AppDelegate.swift */,
				5C94E3BF1BB39B7100873613 /* Main.storyboard */,
				5C94E3C21BB39B7100873613 /* Assets.xcassets */,
				5C94E3C41BB39B7100873613 /* LaunchScreen.storyboard */,
				5C94E3C71BB39B7100873613 /* Info.plist */,
				5C94E3E91BB3A4BC00873613 /* TableViewController.swift */,
				5CD973AE1BB3D572007B3475 /* CoffeeShopList.swift */,
				5CD973B01BB3D79E007B3475 /* CoffeeShopModel.swift */,
				5CD973B81BB40684007B3475 /* TableViewCell.swift */,
				5CD973B91BB40684007B3475 /* TableViewCell.xib */,
				5CF78BB61BB434A500AB40D3 /* MapViewController.swift */,
			);
			path = LocationTest;
			sourceTree = "<group>";
		};
		5C94E3CF1BB39B7200873613 /* LocationTestTests */ = {
			isa = PBXGroup;
			children = (
				5C94E3D01BB39B7200873613 /* LocationTestTests.swift */,
				5C94E3D21BB39B7200873613 /* Info.plist */,
			);
			path = LocationTestTests;
			sourceTree = "<group>";
		};
		5C94E3DA1BB39B7200873613 /* LocationTestUITests */ = {
			isa = PBXGroup;
			children = (
				5C94E3DB1BB39B7200873613 /* LocationTestUITests.swift */,
				5C94E3DD1BB39B7200873613 /* Info.plist */,
			);
			path = LocationTestUITests;
			sourceTree = "<group>";
		};
/* End PBXGroup section */

/* Begin PBXNativeTarget section */
		5C94E3B71BB39B7100873613 /* LocationTest */ = {
			isa = PBXNativeTarget;
			buildConfigurationList = 5C94E3E01BB39B7200873613 /* Build configuration list for PBXNativeTarget "LocationTest" */;
			buildPhases = (
				5C94E3B41BB39B7100873613 /* Sources */,
				5C94E3B51BB39B7100873613 /* Frameworks */,
				5C94E3B61BB39B7100873613 /* Resources */,
			);
			buildRules = (
			);
			dependencies = (
			);
			name = LocationTest;
			productName = LocationTest;
			productReference = 5C94E3B81BB39B7100873613 /* LocationTest.app */;
			productType = "com.apple.product-type.application";
		};
		5C94E3CB1BB39B7200873613 /* LocationTestTests */ = {
			isa = PBXNativeTarget;
			buildConfigurationList = 5C94E3E31BB39B7200873613 /* Build configuration list for PBXNativeTarget "LocationTestTests" */;
			buildPhases = (
				5C94E3C81BB39B7200873613 /* Sources */,
				5C94E3C91BB39B7200873613 /* Frameworks */,
				5C94E3CA1BB39B7200873613 /* Resources */,
			);
			buildRules = (
			);
			dependencies = (
				5C94E3CE1BB39B7200873613 /* PBXTargetDependency */,
			);
			name = LocationTestTests;
			productName = LocationTestTests;
			productReference = 5C94E3CC1BB39B7200873613 /* LocationTestTests.xctest */;
			productType = "com.apple.product-type.bundle.unit-test";
		};
		5C94E3D61BB39B7200873613 /* LocationTestUITests */ = {
			isa = PBXNativeTarget;
			buildConfigurationList = 5C94E3E61BB39B7200873613 /* Build configuration list for PBXNativeTarget "LocationTestUITests" */;
			buildPhases = (
				5C94E3D31BB39B7200873613 /* Sources */,
				5C94E3D41BB39B7200873613 /* Frameworks */,
				5C94E3D51BB39B7200873613 /* Resources */,
			);
			buildRules = (
			);
			dependencies = (
				5C94E3D91BB39B7200873613 /* PBXTargetDependency */,
			);
			name = LocationTestUITests;
			productName = LocationTestUITests;
			productReference = 5C94E3D71BB39B7200873613 /* LocationTestUITests.xctest */;
			productType = "com.apple.product-type.bundle.ui-testing";
		};
/* End PBXNativeTarget section */

/* Begin PBXProject section */
		5C94E3B01BB39B7100873613 /* Project object */ = {
			isa = PBXProject;
			attributes = {
				LastUpgradeCheck = 0700;
				ORGANIZATIONNAME = LiuZhenbang;
				TargetAttributes = {
					5C94E3B71BB39B7100873613 = {
						CreatedOnToolsVersion = 7.0;
						SystemCapabilities = {
							com.apple.Maps.iOS = {
								enabled = 1;
							};
						};
					};
					5C94E3CB1BB39B7200873613 = {
						CreatedOnToolsVersion = 7.0;
						TestTargetID = 5C94E3B71BB39B7100873613;
					};
					5C94E3D61BB39B7200873613 = {
						CreatedOnToolsVersion = 7.0;
						TestTargetID = 5C94E3B71BB39B7100873613;
					};
				};
			};
			buildConfigurationList = 5C94E3B31BB39B7100873613 /* Build configuration list for PBXProject "LocationTest" */;
			compatibilityVersion = "Xcode 3.2";
			developmentRegion = English;
			hasScannedForEncodings = 0;
			knownRegions = (
				en,
				Base,
			);
			mainGroup = 5C94E3AF1BB39B7100873613;
			productRefGroup = 5C94E3B91BB39B7100873613 /* Products */;
			projectDirPath = "";
			projectRoot = "";
			targets = (
				5C94E3B71BB39B7100873613 /* LocationTest */,
				5C94E3CB1BB39B7200873613 /* LocationTestTests */,
				5C94E3D61BB39B7200873613 /* LocationTestUITests */,
			);
		};
/* End PBXProject section */

/* Begin PBXResourcesBuildPhase section */
		5C94E3B61BB39B7100873613 /* Resources */ = {
			isa = PBXResourcesBuildPhase;
			buildActionMask = 2147483647;
			files = (
				5CFD4EB91BB4DFA30027FF33 /* Readme in Resources */,
				5C94E3C61BB39B7100873613 /* LaunchScreen.storyboard in Resources */,
				5CD973BB1BB40684007B3475 /* TableViewCell.xib in Resources */,
				5C94E3C31BB39B7100873613 /* Assets.xcassets in Resources */,
				5C94E3C11BB39B7100873613 /* Main.storyboard in Resources */,
			);
			runOnlyForDeploymentPostprocessing = 0;
		};
		5C94E3CA1BB39B7200873613 /* Resources */ = {
			isa = PBXResourcesBuildPhase;
			buildActionMask = 2147483647;
			files = (
			);
			runOnlyForDeploymentPostprocessing = 0;
		};
		5C94E3D51BB39B7200873613 /* Resources */ = {
			isa = PBXResourcesBuildPhase;
			buildActionMask = 2147483647;
			files = (
			);
			runOnlyForDeploymentPostprocessing = 0;
		};
/* End PBXResourcesBuildPhase section */

/* Begin PBXSourcesBuildPhase section */
		5C94E3B41BB39B7100873613 /* Sources */ = {
			isa = PBXSourcesBuildPhase;
			buildActionMask = 2147483647;
			files = (
				5CD973BA1BB40684007B3475 /* TableViewCell.swift in Sources */,
				5CF78BB71BB434A500AB40D3 /* MapViewController.swift in Sources */,
				5CD973AF1BB3D572007B3475 /* CoffeeShopList.swift in Sources */,
				5C94E3BC1BB39B7100873613 /* AppDelegate.swift in Sources */,
				5CD973B11BB3D79E007B3475 /* CoffeeShopModel.swift in Sources */,
				5C94E3EA1BB3A4BC00873613 /* TableViewController.swift in Sources */,
			);
			runOnlyForDeploymentPostprocessing = 0;
		};
		5C94E3C81BB39B7200873613 /* Sources */ = {
			isa = PBXSourcesBuildPhase;
			buildActionMask = 2147483647;
			files = (
				5C94E3D11BB39B7200873613 /* LocationTestTests.swift in Sources */,
			);
			runOnlyForDeploymentPostprocessing = 0;
		};
		5C94E3D31BB39B7200873613 /* Sources */ = {
			isa = PBXSourcesBuildPhase;
			buildActionMask = 2147483647;
			files = (
				5C94E3DC1BB39B7200873613 /* LocationTestUITests.swift in Sources */,
			);
			runOnlyForDeploymentPostprocessing = 0;
		};
/* End PBXSourcesBuildPhase section */

/* Begin PBXTargetDependency section */
		5C94E3CE1BB39B7200873613 /* PBXTargetDependency */ = {
			isa = PBXTargetDependency;
			target = 5C94E3B71BB39B7100873613 /* LocationTest */;
			targetProxy = 5C94E3CD1BB39B7200873613 /* PBXContainerItemProxy */;
		};
		5C94E3D91BB39B7200873613 /* PBXTargetDependency */ = {
			isa = PBXTargetDependency;
			target = 5C94E3B71BB39B7100873613 /* LocationTest */;
			targetProxy = 5C94E3D81BB39B7200873613 /* PBXContainerItemProxy */;
		};
/* End PBXTargetDependency section */

/* Begin PBXVariantGroup section */
		5C94E3BF1BB39B7100873613 /* Main.storyboard */ = {
			isa = PBXVariantGroup;
			children = (
				5C94E3C01BB39B7100873613 /* Base */,
			);
			name = Main.storyboard;
			sourceTree = "<group>";
		};
		5C94E3C41BB39B7100873613 /* LaunchScreen.storyboard */ = {
			isa = PBXVariantGroup;
			children = (
				5C94E3C51BB39B7100873613 /* Base */,
			);
			name = LaunchScreen.storyboard;
			sourceTree = "<group>";
		};
/* End PBXVariantGroup section */

/* Begin XCBuildConfiguration section */
		5C94E3DE1BB39B7200873613 /* Debug */ = {
			isa = XCBuildConfiguration;
			buildSettings = {
				ALWAYS_SEARCH_USER_PATHS = NO;
				CLANG_CXX_LANGUAGE_STANDARD = "gnu++0x";
				CLANG_CXX_LIBRARY = "libc++";
				CLANG_ENABLE_MODULES = YES;
				CLANG_ENABLE_OBJC_ARC = YES;
				CLANG_WARN_BOOL_CONVERSION = YES;
				CLANG_WARN_CONSTANT_CONVERSION = YES;
				CLANG_WARN_DIRECT_OBJC_ISA_USAGE = YES_ERROR;
				CLANG_WARN_EMPTY_BODY = YES;
				CLANG_WARN_ENUM_CONVERSION = YES;
				CLANG_WARN_INT_CONVERSION = YES;
				CLANG_WARN_OBJC_ROOT_CLASS = YES_ERROR;
				CLANG_WARN_UNREACHABLE_CODE = YES;
				CLANG_WARN__DUPLICATE_METHOD_MATCH = YES;
				"CODE_SIGN_IDENTITY[sdk=iphoneos*]" = "iPhone Developer";
				COPY_PHASE_STRIP = NO;
				DEBUG_INFORMATION_FORMAT = dwarf;
				ENABLE_STRICT_OBJC_MSGSEND = YES;
				ENABLE_TESTABILITY = YES;
				GCC_C_LANGUAGE_STANDARD = gnu99;
				GCC_DYNAMIC_NO_PIC = NO;
				GCC_NO_COMMON_BLOCKS = YES;
				GCC_OPTIMIZATION_LEVEL = 0;
				GCC_PREPROCESSOR_DEFINITIONS = (
					"DEBUG=1",
					"$(inherited)",
				);
				GCC_WARN_64_TO_32_BIT_CONVERSION = YES;
				GCC_WARN_ABOUT_RETURN_TYPE = YES_ERROR;
				GCC_WARN_UNDECLARED_SELECTOR = YES;
				GCC_WARN_UNINITIALIZED_AUTOS = YES_AGGRESSIVE;
				GCC_WARN_UNUSED_FUNCTION = YES;
				GCC_WARN_UNUSED_VARIABLE = YES;
				IPHONEOS_DEPLOYMENT_TARGET = 9.0;
				MTL_ENABLE_DEBUG_INFO = YES;
				ONLY_ACTIVE_ARCH = YES;
				SDKROOT = iphoneos;
				SWIFT_OPTIMIZATION_LEVEL = "-Onone";
				TARGETED_DEVICE_FAMILY = "1,2";
			};
			name = Debug;
		};
		5C94E3DF1BB39B7200873613 /* Release */ = {
			isa = XCBuildConfiguration;
			buildSettings = {
				ALWAYS_SEARCH_USER_PATHS = NO;
				CLANG_CXX_LANGUAGE_STANDARD = "gnu++0x";
				CLANG_CXX_LIBRARY = "libc++";
				CLANG_ENABLE_MODULES = YES;
				CLANG_ENABLE_OBJC_ARC = YES;
				CLANG_WARN_BOOL_CONVERSION = YES;
				CLANG_WARN_CONSTANT_CONVERSION = YES;
				CLANG_WARN_DIRECT_OBJC_ISA_USAGE = YES_ERROR;
				CLANG_WARN_EMPTY_BODY = YES;
				CLANG_WARN_ENUM_CONVERSION = YES;
				CLANG_WARN_INT_CONVERSION = YES;
				CLANG_WARN_OBJC_ROOT_CLASS = YES_ERROR;
				CLANG_WARN_UNREACHABLE_CODE = YES;
				CLANG_WARN__DUPLICATE_METHOD_MATCH = YES;
				"CODE_SIGN_IDENTITY[sdk=iphoneos*]" = "iPhone Developer";
				COPY_PHASE_STRIP = NO;
				DEBUG_INFORMATION_FORMAT = "dwarf-with-dsym";
				ENABLE_NS_ASSERTIONS = NO;
				ENABLE_STRICT_OBJC_MSGSEND = YES;
				GCC_C_LANGUAGE_STANDARD = gnu99;
				GCC_NO_COMMON_BLOCKS = YES;
				GCC_WARN_64_TO_32_BIT_CONVERSION = YES;
				GCC_WARN_ABOUT_RETURN_TYPE = YES_ERROR;
				GCC_WARN_UNDECLARED_SELECTOR = YES;
				GCC_WARN_UNINITIALIZED_AUTOS = YES_AGGRESSIVE;
				GCC_WARN_UNUSED_FUNCTION = YES;
				GCC_WARN_UNUSED_VARIABLE = YES;
				IPHONEOS_DEPLOYMENT_TARGET = 9.0;
				MTL_ENABLE_DEBUG_INFO = NO;
				SDKROOT = iphoneos;
				TARGETED_DEVICE_FAMILY = "1,2";
				VALIDATE_PRODUCT = YES;
			};
			name = Release;
		};
		5C94E3E11BB39B7200873613 /* Debug */ = {
			isa = XCBuildConfiguration;
			buildSettings = {
				ASSETCATALOG_COMPILER_APPICON_NAME = AppIcon;
				INFOPLIST_FILE = LocationTest/Info.plist;
				LD_RUNPATH_SEARCH_PATHS = "$(inherited) @executable_path/Frameworks";
				PRODUCT_BUNDLE_IDENTIFIER = swift.LocationTest;
				PRODUCT_NAME = "$(TARGET_NAME)";
			};
			name = Debug;
		};
		5C94E3E21BB39B7200873613 /* Release */ = {
			isa = XCBuildConfiguration;
			buildSettings = {
				ASSETCATALOG_COMPILER_APPICON_NAME = AppIcon;
				INFOPLIST_FILE = LocationTest/Info.plist;
				LD_RUNPATH_SEARCH_PATHS = "$(inherited) @executable_path/Frameworks";
				PRODUCT_BUNDLE_IDENTIFIER = swift.LocationTest;
				PRODUCT_NAME = "$(TARGET_NAME)";
			};
			name = Release;
		};
		5C94E3E41BB39B7200873613 /* Debug */ = {
			isa = XCBuildConfiguration;
			buildSettings = {
				BUNDLE_LOADER = "$(TEST_HOST)";
				INFOPLIST_FILE = LocationTestTests/Info.plist;
				LD_RUNPATH_SEARCH_PATHS = "$(inherited) @executable_path/Frameworks @loader_path/Frameworks";
				PRODUCT_BUNDLE_IDENTIFIER = swift.LocationTestTests;
				PRODUCT_NAME = "$(TARGET_NAME)";
				TEST_HOST = "$(BUILT_PRODUCTS_DIR)/LocationTest.app/LocationTest";
			};
			name = Debug;
		};
		5C94E3E51BB39B7200873613 /* Release */ = {
			isa = XCBuildConfiguration;
			buildSettings = {
				BUNDLE_LOADER = "$(TEST_HOST)";
				INFOPLIST_FILE = LocationTestTests/Info.plist;
				LD_RUNPATH_SEARCH_PATHS = "$(inherited) @executable_path/Frameworks @loader_path/Frameworks";
				PRODUCT_BUNDLE_IDENTIFIER = swift.LocationTestTests;
				PRODUCT_NAME = "$(TARGET_NAME)";
				TEST_HOST = "$(BUILT_PRODUCTS_DIR)/LocationTest.app/LocationTest";
			};
			name = Release;
		};
		5C94E3E71BB39B7200873613 /* Debug */ = {
			isa = XCBuildConfiguration;
			buildSettings = {
				INFOPLIST_FILE = LocationTestUITests/Info.plist;
				LD_RUNPATH_SEARCH_PATHS = "$(inherited) @executable_path/Frameworks @loader_path/Frameworks";
				PRODUCT_BUNDLE_IDENTIFIER = swift.LocationTestUITests;
				PRODUCT_NAME = "$(TARGET_NAME)";
				TEST_TARGET_NAME = LocationTest;
				USES_XCTRUNNER = YES;
			};
			name = Debug;
		};
		5C94E3E81BB39B7200873613 /* Release */ = {
			isa = XCBuildConfiguration;
			buildSettings = {
				INFOPLIST_FILE = LocationTestUITests/Info.plist;
				LD_RUNPATH_SEARCH_PATHS = "$(inherited) @executable_path/Frameworks @loader_path/Frameworks";
				PRODUCT_BUNDLE_IDENTIFIER = swift.LocationTestUITests;
				PRODUCT_NAME = "$(TARGET_NAME)";
				TEST_TARGET_NAME = LocationTest;
				USES_XCTRUNNER = YES;
			};
			name = Release;
		};
/* End XCBuildConfiguration section */

/* Begin XCConfigurationList section */
		5C94E3B31BB39B7100873613 /* Build configuration list for PBXProject "LocationTest" */ = {
			isa = XCConfigurationList;
			buildConfigurations = (
				5C94E3DE1BB39B7200873613 /* Debug */,
				5C94E3DF1BB39B7200873613 /* Release */,
			);
			defaultConfigurationIsVisible = 0;
			defaultConfigurationName = Release;
		};
		5C94E3E01BB39B7200873613 /* Build configuration list for PBXNativeTarget "LocationTest" */ = {
			isa = XCConfigurationList;
			buildConfigurations = (
				5C94E3E11BB39B7200873613 /* Debug */,
				5C94E3E21BB39B7200873613 /* Release */,
			);
			defaultConfigurationIsVisible = 0;
			defaultConfigurationName = Release;
		};
		5C94E3E31BB39B7200873613 /* Build configuration list for PBXNativeTarget "LocationTestTests" */ = {
			isa = XCConfigurationList;
			buildConfigurations = (
				5C94E3E41BB39B7200873613 /* Debug */,
				5C94E3E51BB39B7200873613 /* Release */,
			);
			defaultConfigurationIsVisible = 0;
			defaultConfigurationName = Release;
		};
		5C94E3E61BB39B7200873613 /* Build configuration list for PBXNativeTarget "LocationTestUITests" */ = {
			isa = XCConfigurationList;
			buildConfigurations = (
				5C94E3E71BB39B7200873613 /* Debug */,
				5C94E3E81BB39B7200873613 /* Release */,
			);
			defaultConfigurationIsVisible = 0;
			defaultConfigurationName = Release;
		};
/* End XCConfigurationList section */
	};
	rootObject = 5C94E3B01BB39B7100873613 /* Project object */;
}
